
Microsoft Visual Studio Solution File, Format Version 12.00
# Visual Studio Version 17
VisualStudioVersion = 17.14.36414.22 d17.14
MinimumVisualStudioVersion = 10.0.40219.1
Project("{FAE04EC0-301F-11D3-BF4B-00C04F79EFBC}") = "Trader", "Trader\Trader.csproj", "{AEC54003-A210-4DF7-910D-468A4E32DDFD}"
EndProject
Global
	GlobalSection(SolutionConfigurationPlatforms) = preSolution
		Debug|Any CPU = Debug|Any CPU
		Release|Any CPU = Release|Any CPU
	EndGlobalSection
	GlobalSection(ProjectConfigurationPlatforms) = postSolution
		{AEC54003-A210-4DF7-910D-468A4E32DDFD}.Debug|Any CPU.ActiveCfg = Debug|Any CPU
		{AEC54003-A210-4DF7-910D-468A4E32DDFD}.Debug|Any CPU.Build.0 = Debug|Any CPU
		{AEC54003-A210-4DF7-910D-468A4E32DDFD}.Release|Any CPU.ActiveCfg = Release|Any CPU
		{AEC54003-A210-4DF7-910D-468A4E32DDFD}.Release|Any CPU.Build.0 = Release|Any CPU
	EndGlobalSection
	GlobalSection(SolutionProperties) = preSolution
		HideSolutionNode = FALSE
	EndGlobalSection
	GlobalSection(ExtensibilityGlobals) = postSolution
		SolutionGuid = {C483361E-79AE-4AED-B195-316F0F34500C}
	EndGlobalSection
EndGlobal
